
Microsoft Visual Studio Solution File, Format Version 12.00
# Visual Studio Version 17
VisualStudioVersion = 17.1.32414.318
MinimumVisualStudioVersion = 10.0.40219.1
Project("{8BC9CEB8-8B4A-11D0-8D11-00A0C91BC942}") = "server", "server\server.vcxproj", "{5B3A0E4D-C30B-4F9A-9E69-7F977941E90A}"
EndProject
Project("{FAE04EC0-301F-11D3-BF4B-00C04F79EFBC}") = "ClientForm", "ClientForm\ClientForm.csproj", "{2264DCA6-2F28-455C-8AC9-AF556BD219F8}"
EndProject
Global
	GlobalSection(SolutionConfigurationPlatforms) = preSolution
		Debug|Any CPU = Debug|Any CPU
		Debug|x64 = Debug|x64
		Debug|x86 = Debug|x86
		Release|Any CPU = Release|Any CPU
		Release|x64 = Release|x64
		Release|x86 = Release|x86
	EndGlobalSection
	GlobalSection(ProjectConfigurationPlatforms) = postSolution
		{5B3A0E4D-C30B-4F9A-9E69-7F977941E90A}.Debug|Any CPU.ActiveCfg = Debug|x64
		{5B3A0E4D-C30B-4F9A-9E69-7F977941E90A}.Debug|Any CPU.Build.0 = Debug|x64
		{5B3A0E4D-C30B-4F9A-9E69-7F977941E90A}.Debug|x64.ActiveCfg = Debug|x64
		{5B3A0E4D-C30B-4F9A-9E69-7F977941E90A}.Debug|x64.Build.0 = Debug|x64
		{5B3A0E4D-C30B-4F9A-9E69-7F977941E90A}.Debug|x86.ActiveCfg = Debug|Win32
		{5B3A0E4D-C30B-4F9A-9E69-7F977941E90A}.Debug|x86.Build.0 = Debug|Win32
		{5B3A0E4D-C30B-4F9A-9E69-7F977941E90A}.Release|Any CPU.ActiveCfg = Release|x64
		{5B3A0E4D-C30B-4F9A-9E69-7F977941E90A}.Release|Any CPU.Build.0 = Release|x64
		{5B3A0E4D-C30B-4F9A-9E69-7F977941E90A}.Release|x64.ActiveCfg = Release|x64
		{5B3A0E4D-C30B-4F9A-9E69-7F977941E90A}.Release|x64.Build.0 = Release|x64
		{5B3A0E4D-C30B-4F9A-9E69-7F977941E90A}.Release|x86.ActiveCfg = Release|Win32
		{5B3A0E4D-C30B-4F9A-9E69-7F977941E90A}.Release|x86.Build.0 = Release|Win32
		{2264DCA6-2F28-455C-8AC9-AF556BD219F8}.Debug|Any CPU.ActiveCfg = Debug|Any CPU
		{2264DCA6-2F28-455C-8AC9-AF556BD219F8}.Debug|Any CPU.Build.0 = Debug|Any CPU
		{2264DCA6-2F28-455C-8AC9-AF556BD219F8}.Debug|x64.ActiveCfg = Debug|Any CPU
		{2264DCA6-2F28-455C-8AC9-AF556BD219F8}.Debug|x64.Build.0 = Debug|Any CPU
		{2264DCA6-2F28-455C-8AC9-AF556BD219F8}.Debug|x86.ActiveCfg = Debug|Any CPU
		{2264DCA6-2F28-455C-8AC9-AF556BD219F8}.Debug|x86.Build.0 = Debug|Any CPU
		{2264DCA6-2F28-455C-8AC9-AF556BD219F8}.Release|Any CPU.ActiveCfg = Release|Any CPU
		{2264DCA6-2F28-455C-8AC9-AF556BD219F8}.Release|Any CPU.Build.0 = Release|Any CPU
		{2264DCA6-2F28-455C-8AC9-AF556BD219F8}.Release|x64.ActiveCfg = Release|Any CPU
		{2264DCA6-2F28-455C-8AC9-AF556BD219F8}.Release|x64.Build.0 = Release|Any CPU
		{2264DCA6-2F28-455C-8AC9-AF556BD219F8}.Release|x86.ActiveCfg = Release|Any CPU
		{2264DCA6-2F28-455C-8AC9-AF556BD219F8}.Release|x86.Build.0 = Release|Any CPU
	EndGlobalSection
	GlobalSection(SolutionProperties) = preSolution
		HideSolutionNode = FALSE
	EndGlobalSection
	GlobalSection(ExtensibilityGlobals) = postSolution
		SolutionGuid = {8EEB3611-6D66-423C-AFFF-270B09E07C43}
	EndGlobalSection
EndGlobal
